// !$*UTF8*$!
{
	archiveVersion = 1;
	classes = {
	};
	objectVersion = 56;
	objects = {

/* Begin PBXBuildFile section */
		3696A77428F0698900514EE9 /* AppDelegate.swift in Sources */ = {isa = PBXBuildFile; fileRef = 3696A77328F0698900514EE9 /* AppDelegate.swift */; };
		3696A77628F0698900514EE9 /* SceneDelegate.swift in Sources */ = {isa = PBXBuildFile; fileRef = 3696A77528F0698900514EE9 /* SceneDelegate.swift */; };
		3696A77828F0698900514EE9 /* ViewController.swift in Sources */ = {isa = PBXBuildFile; fileRef = 3696A77728F0698900514EE9 /* ViewController.swift */; };
		3696A77B28F0698900514EE9 /* Main.storyboard in Resources */ = {isa = PBXBuildFile; fileRef = 3696A77928F0698900514EE9 /* Main.storyboard */; };
		3696A77D28F0698E00514EE9 /* Assets.xcassets in Resources */ = {isa = PBXBuildFile; fileRef = 3696A77C28F0698E00514EE9 /* Assets.xcassets */; };
		3696A78028F0698E00514EE9 /* LaunchScreen.storyboard in Resources */ = {isa = PBXBuildFile; fileRef = 3696A77E28F0698E00514EE9 /* LaunchScreen.storyboard */; };
		3696A78B28F0698E00514EE9 /* test3Tests.swift in Sources */ = {isa = PBXBuildFile; fileRef = 3696A78A28F0698E00514EE9 /* test3Tests.swift */; };
		3696A79528F0698E00514EE9 /* test3UITests.swift in Sources */ = {isa = PBXBuildFile; fileRef = 3696A79428F0698E00514EE9 /* test3UITests.swift */; };
		3696A79728F0698E00514EE9 /* test3UITestsLaunchTests.swift in Sources */ = {isa = PBXBuildFile; fileRef = 3696A79628F0698E00514EE9 /* test3UITestsLaunchTests.swift */; };
/* End PBXBuildFile section */

/* Begin PBXContainerItemProxy section */
		3696A78728F0698E00514EE9 /* PBXContainerItemProxy */ = {
			isa = PBXContainerItemProxy;
			containerPortal = 3696A76828F0698900514EE9 /* Project object */;
			proxyType = 1;
			remoteGlobalIDString = 3696A76F28F0698900514EE9;
			remoteInfo = test3;
		};
		3696A79128F0698E00514EE9 /* PBXContainerItemProxy */ = {
			isa = PBXContainerItemProxy;
			containerPortal = 3696A76828F0698900514EE9 /* Project object */;
			proxyType = 1;
			remoteGlobalIDString = 3696A76F28F0698900514EE9;
			remoteInfo = test3;
		};
/* End PBXContainerItemProxy section */

/* Begin PBXFileReference section */
		3696A77028F0698900514EE9 /* test3.app */ = {isa = PBXFileReference; explicitFileType = wrapper.application; includeInIndex = 0; path = test3.app; sourceTree = BUILT_PRODUCTS_DIR; };
		3696A77328F0698900514EE9 /* AppDelegate.swift */ = {isa = PBXFileReference; lastKnownFileType = sourcecode.swift; path = AppDelegate.swift; sourceTree = "<group>"; };
		3696A77528F0698900514EE9 /* SceneDelegate.swift */ = {isa = PBXFileReference; lastKnownFileType = sourcecode.swift; path = SceneDelegate.swift; sourceTree = "<group>"; };
		3696A77728F0698900514EE9 /* ViewController.swift */ = {isa = PBXFileReference; lastKnownFileType = sourcecode.swift; path = ViewController.swift; sourceTree = "<group>"; };
		3696A77A28F0698900514EE9 /* Base */ = {isa = PBXFileReference; lastKnownFileType = file.storyboard; name = Base; path = Base.lproj/Main.storyboard; sourceTree = "<group>"; };
		3696A77C28F0698E00514EE9 /* Assets.xcassets */ = {isa = PBXFileReference; lastKnownFileType = folder.assetcatalog; path = Assets.xcassets; sourceTree = "<group>"; };
		3696A77F28F0698E00514EE9 /* Base */ = {isa = PBXFileReference; lastKnownFileType = file.storyboard; name = Base; path = Base.lproj/LaunchScreen.storyboard; sourceTree = "<group>"; };
		3696A78128F0698E00514EE9 /* Info.plist */ = {isa = PBXFileReference; lastKnownFileType = text.plist.xml; path = Info.plist; sourceTree = "<group>"; };
		3696A78628F0698E00514EE9 /* test3Tests.xctest */ = {isa = PBXFileReference; explicitFileType = wrapper.cfbundle; includeInIndex = 0; path = test3Tests.xctest; sourceTree = BUILT_PRODUCTS_DIR; };
		3696A78A28F0698E00514EE9 /* test3Tests.swift */ = {isa = PBXFileReference; lastKnownFileType = sourcecode.swift; path = test3Tests.swift; sourceTree = "<group>"; };
		3696A79028F0698E00514EE9 /* test3UITests.xctest */ = {isa = PBXFileReference; explicitFileType = wrapper.cfbundle; includeInIndex = 0; path = test3UITests.xctest; sourceTree = BUILT_PRODUCTS_DIR; };
		3696A79428F0698E00514EE9 /* test3UITests.swift */ = {isa = PBXFileReference; lastKnownFileType = sourcecode.swift; path = test3UITests.swift; sourceTree = "<group>"; };
		3696A79628F0698E00514EE9 /* test3UITestsLaunchTests.swift */ = {isa = PBXFileReference; lastKnownFileType = sourcecode.swift; path = test3UITestsLaunchTests.swift; sourceTree = "<group>"; };
/* End PBXFileReference section */

/* Begin PBXFrameworksBuildPhase section */
		3696A76D28F0698900514EE9 /* Frameworks */ = {
			isa = PBXFrameworksBuildPhase;
			buildActionMask = 2147483647;
			files = (
			);
			runOnlyForDeploymentPostprocessing = 0;
		};
		3696A78328F0698E00514EE9 /* Frameworks */ = {
			isa = PBXFrameworksBuildPhase;
			buildActionMask = 2147483647;
			files = (
			);
			runOnlyForDeploymentPostprocessing = 0;
		};
		3696A78D28F0698E00514EE9 /* Frameworks */ = {
			isa = PBXFrameworksBuildPhase;
			buildActionMask = 2147483647;
			files = (
			);
			runOnlyForDeploymentPostprocessing = 0;
		};
/* End PBXFrameworksBuildPhase section */

/* Begin PBXGroup section */
		3696A76728F0698900514EE9 = {
			isa = PBXGroup;
			children = (
				3696A77228F0698900514EE9 /* test3 */,
				3696A78928F0698E00514EE9 /* test3Tests */,
				3696A79328F0698E00514EE9 /* test3UITests */,
				3696A77128F0698900514EE9 /* Products */,
			);
			sourceTree = "<group>";
		};
		3696A77128F0698900514EE9 /* Products */ = {
			isa = PBXGroup;
			children = (
				3696A77028F0698900514EE9 /* test3.app */,
				3696A78628F0698E00514EE9 /* test3Tests.xctest */,
				3696A79028F0698E00514EE9 /* test3UITests.xctest */,
			);
			name = Products;
			sourceTree = "<group>";
		};
		3696A77228F0698900514EE9 /* test3 */ = {
			isa = PBXGroup;
			children = (
				3696A77328F0698900514EE9 /* AppDelegate.swift */,
				3696A77528F0698900514EE9 /* SceneDelegate.swift */,
				3696A77728F0698900514EE9 /* ViewController.swift */,
				3696A77928F0698900514EE9 /* Main.storyboard */,
				3696A77C28F0698E00514EE9 /* Assets.xcassets */,
				3696A77E28F0698E00514EE9 /* LaunchScreen.storyboard */,
				3696A78128F0698E00514EE9 /* Info.plist */,
			);
			path = test3;
			sourceTree = "<group>";
		};
		3696A78928F0698E00514EE9 /* test3Tests */ = {
			isa = PBXGroup;
			children = (
				3696A78A28F0698E00514EE9 /* test3Tests.swift */,
			);
			path = test3Tests;
			sourceTree = "<group>";
		};
		3696A79328F0698E00514EE9 /* test3UITests */ = {
			isa = PBXGroup;
			children = (
				3696A79428F0698E00514EE9 /* test3UITests.swift */,
				3696A79628F0698E00514EE9 /* test3UITestsLaunchTests.swift */,
			);
			path = test3UITests;
			sourceTree = "<group>";
		};
/* End PBXGroup section */

/* Begin PBXNativeTarget section */
		3696A76F28F0698900514EE9 /* test3 */ = {
			isa = PBXNativeTarget;
			buildConfigurationList = 3696A79A28F0698E00514EE9 /* Build configuration list for PBXNativeTarget "test3" */;
			buildPhases = (
				3696A76C28F0698900514EE9 /* Sources */,
				3696A76D28F0698900514EE9 /* Frameworks */,
				3696A76E28F0698900514EE9 /* Resources */,
			);
			buildRules = (
			);
			dependencies = (
			);
			name = test3;
			productName = test3;
			productReference = 3696A77028F0698900514EE9 /* test3.app */;
			productType = "com.apple.product-type.application";
		};
		3696A78528F0698E00514EE9 /* test3Tests */ = {
			isa = PBXNativeTarget;
			buildConfigurationList = 3696A79D28F0698E00514EE9 /* Build configuration list for PBXNativeTarget "test3Tests" */;
			buildPhases = (
				3696A78228F0698E00514EE9 /* Sources */,
				3696A78328F0698E00514EE9 /* Frameworks */,
				3696A78428F0698E00514EE9 /* Resources */,
			);
			buildRules = (
			);
			dependencies = (
				3696A78828F0698E00514EE9 /* PBXTargetDependency */,
			);
			name = test3Tests;
			productName = test3Tests;
			productReference = 3696A78628F0698E00514EE9 /* test3Tests.xctest */;
			productType = "com.apple.product-type.bundle.unit-test";
		};
		3696A78F28F0698E00514EE9 /* test3UITests */ = {
			isa = PBXNativeTarget;
			buildConfigurationList = 3696A7A028F0698E00514EE9 /* Build configuration list for PBXNativeTarget "test3UITests" */;
			buildPhases = (
				3696A78C28F0698E00514EE9 /* Sources */,
				3696A78D28F0698E00514EE9 /* Frameworks */,
				3696A78E28F0698E00514EE9 /* Resources */,
			);
			buildRules = (
			);
			dependencies = (
				3696A79228F0698E00514EE9 /* PBXTargetDependency */,
			);
			name = test3UITests;
			productName = test3UITests;
			productReference = 3696A79028F0698E00514EE9 /* test3UITests.xctest */;
			productType = "com.apple.product-type.bundle.ui-testing";
		};
/* End PBXNativeTarget section */

/* Begin PBXProject section */
		3696A76828F0698900514EE9 /* Project object */ = {
			isa = PBXProject;
			attributes = {
				BuildIndependentTargetsInParallel = 1;
				LastSwiftUpdateCheck = 1400;
				LastUpgradeCheck = 1400;
				TargetAttributes = {
					3696A76F28F0698900514EE9 = {
						CreatedOnToolsVersion = 14.0;
					};
					3696A78528F0698E00514EE9 = {
						CreatedOnToolsVersion = 14.0;
						TestTargetID = 3696A76F28F0698900514EE9;
					};
					3696A78F28F0698E00514EE9 = {
						CreatedOnToolsVersion = 14.0;
						TestTargetID = 3696A76F28F0698900514EE9;
					};
				};
			};
			buildConfigurationList = 3696A76B28F0698900514EE9 /* Build configuration list for PBXProject "test3" */;
			compatibilityVersion = "Xcode 14.0";
			developmentRegion = en;
			hasScannedForEncodings = 0;
			knownRegions = (
				en,
				Base,
			);
			mainGroup = 3696A76728F0698900514EE9;
			productRefGroup = 3696A77128F0698900514EE9 /* Products */;
			projectDirPath = "";
			projectRoot = "";
			targets = (
				3696A76F28F0698900514EE9 /* test3 */,
				3696A78528F0698E00514EE9 /* test3Tests */,
				3696A78F28F0698E00514EE9 /* test3UITests */,
			);
		};
/* End PBXProject section */

/* Begin PBXResourcesBuildPhase section */
		3696A76E28F0698900514EE9 /* Resources */ = {
			isa = PBXResourcesBuildPhase;
			buildActionMask = 2147483647;
			files = (
				3696A78028F0698E00514EE9 /* LaunchScreen.storyboard in Resources */,
				3696A77D28F0698E00514EE9 /* Assets.xcassets in Resources */,
				3696A77B28F0698900514EE9 /* Main.storyboard in Resources */,
			);
			runOnlyForDeploymentPostprocessing = 0;
		};
		3696A78428F0698E00514EE9 /* Resources */ = {
			isa = PBXResourcesBuildPhase;
			buildActionMask = 2147483647;
			files = (
			);
			runOnlyForDeploymentPostprocessing = 0;
		};
		3696A78E28F0698E00514EE9 /* Resources */ = {
			isa = PBXResourcesBuildPhase;
			buildActionMask = 2147483647;
			files = (
			);
			runOnlyForDeploymentPostprocessing = 0;
		};
/* End PBXResourcesBuildPhase section */

/* Begin PBXSourcesBuildPhase section */
		3696A76C28F0698900514EE9 /* Sources */ = {
			isa = PBXSourcesBuildPhase;
			buildActionMask = 2147483647;
			files = (
				3696A77828F0698900514EE9 /* ViewController.swift in Sources */,
				3696A77428F0698900514EE9 /* AppDelegate.swift in Sources */,
				3696A77628F0698900514EE9 /* SceneDelegate.swift in Sources */,
			);
			runOnlyForDeploymentPostprocessing = 0;
		};
		3696A78228F0698E00514EE9 /* Sources */ = {
			isa = PBXSourcesBuildPhase;
			buildActionMask = 2147483647;
			files = (
				3696A78B28F0698E00514EE9 /* test3Tests.swift in Sources */,
			);
			runOnlyForDeploymentPostprocessing = 0;
		};
		3696A78C28F0698E00514EE9 /* Sources */ = {
			isa = PBXSourcesBuildPhase;
			buildActionMask = 2147483647;
			files = (
				3696A79728F0698E00514EE9 /* test3UITestsLaunchTests.swift in Sources */,
				3696A79528F0698E00514EE9 /* test3UITests.swift in Sources */,
			);
			runOnlyForDeploymentPostprocessing = 0;
		};
/* End PBXSourcesBuildPhase section */

/* Begin PBXTargetDependency section */
		3696A78828F0698E00514EE9 /* PBXTargetDependency */ = {
			isa = PBXTargetDependency;
			target = 3696A76F28F0698900514EE9 /* test3 */;
			targetProxy = 3696A78728F0698E00514EE9 /* PBXContainerItemProxy */;
		};
		3696A79228F0698E00514EE9 /* PBXTargetDependency */ = {
			isa = PBXTargetDependency;
			target = 3696A76F28F0698900514EE9 /* test3 */;
			targetProxy = 3696A79128F0698E00514EE9 /* PBXContainerItemProxy */;
		};
/* End PBXTargetDependency section */

/* Begin PBXVariantGroup section */
		3696A77928F0698900514EE9 /* Main.storyboard */ = {
			isa = PBXVariantGroup;
			children = (
				3696A77A28F0698900514EE9 /* Base */,
			);
			name = Main.storyboard;
			sourceTree = "<group>";
		};
		3696A77E28F0698E00514EE9 /* LaunchScreen.storyboard */ = {
			isa = PBXVariantGroup;
			children = (
				3696A77F28F0698E00514EE9 /* Base */,
			);
			name = LaunchScreen.storyboard;
			sourceTree = "<group>";
		};
/* End PBXVariantGroup section */

/* Begin XCBuildConfiguration section */
		3696A79828F0698E00514EE9 /* Debug */ = {
			isa = XCBuildConfiguration;
			buildSettings = {
				ALWAYS_SEARCH_USER_PATHS = NO;
				CLANG_ANALYZER_NONNULL = YES;
				CLANG_ANALYZER_NUMBER_OBJECT_CONVERSION = YES_AGGRESSIVE;
				CLANG_CXX_LANGUAGE_STANDARD = "gnu++20";
				CLANG_ENABLE_MODULES = YES;
				CLANG_ENABLE_OBJC_ARC = YES;
				CLANG_ENABLE_OBJC_WEAK = YES;
				CLANG_WARN_BLOCK_CAPTURE_AUTORELEASING = YES;
				CLANG_WARN_BOOL_CONVERSION = YES;
				CLANG_WARN_COMMA = YES;
				CLANG_WARN_CONSTANT_CONVERSION = YES;
				CLANG_WARN_DEPRECATED_OBJC_IMPLEMENTATIONS = YES;
				CLANG_WARN_DIRECT_OBJC_ISA_USAGE = YES_ERROR;
				CLANG_WARN_DOCUMENTATION_COMMENTS = YES;
				CLANG_WARN_EMPTY_BODY = YES;
				CLANG_WARN_ENUM_CONVERSION = YES;
				CLANG_WARN_INFINITE_RECURSION = YES;
				CLANG_WARN_INT_CONVERSION = YES;
				CLANG_WARN_NON_LITERAL_NULL_CONVERSION = YES;
				CLANG_WARN_OBJC_IMPLICIT_RETAIN_SELF = YES;
				CLANG_WARN_OBJC_LITERAL_CONVERSION = YES;
				CLANG_WARN_OBJC_ROOT_CLASS = YES_ERROR;
				CLANG_WARN_QUOTED_INCLUDE_IN_FRAMEWORK_HEADER = YES;
				CLANG_WARN_RANGE_LOOP_ANALYSIS = YES;
				CLANG_WARN_STRICT_PROTOTYPES = YES;
				CLANG_WARN_SUSPICIOUS_MOVE = YES;
				CLANG_WARN_UNGUARDED_AVAILABILITY = YES_AGGRESSIVE;
				CLANG_WARN_UNREACHABLE_CODE = YES;
				CLANG_WARN__DUPLICATE_METHOD_MATCH = YES;
				COPY_PHASE_STRIP = NO;
				DEBUG_INFORMATION_FORMAT = dwarf;
				ENABLE_STRICT_OBJC_MSGSEND = YES;
				ENABLE_TESTABILITY = YES;
				GCC_C_LANGUAGE_STANDARD = gnu11;
				GCC_DYNAMIC_NO_PIC = NO;
				GCC_NO_COMMON_BLOCKS = YES;
				GCC_OPTIMIZATION_LEVEL = 0;
				GCC_PREPROCESSOR_DEFINITIONS = (
					"DEBUG=1",
					"$(inherited)",
				);
				GCC_WARN_64_TO_32_BIT_CONVERSION = YES;
				GCC_WARN_ABOUT_RETURN_TYPE = YES_ERROR;
				GCC_WARN_UNDECLARED_SELECTOR = YES;
				GCC_WARN_UNINITIALIZED_AUTOS = YES_AGGRESSIVE;
				GCC_WARN_UNUSED_FUNCTION = YES;
				GCC_WARN_UNUSED_VARIABLE = YES;
				IPHONEOS_DEPLOYMENT_TARGET = 16.0;
				MTL_ENABLE_DEBUG_INFO = INCLUDE_SOURCE;
				MTL_FAST_MATH = YES;
				ONLY_ACTIVE_ARCH = YES;
				SDKROOT = iphoneos;
				SWIFT_ACTIVE_COMPILATION_CONDITIONS = DEBUG;
				SWIFT_OPTIMIZATION_LEVEL = "-Onone";
			};
			name = Debug;
		};
		3696A79928F0698E00514EE9 /* Release */ = {
			isa = XCBuildConfiguration;
			buildSettings = {
				ALWAYS_SEARCH_USER_PATHS = NO;
				CLANG_ANALYZER_NONNULL = YES;
				CLANG_ANALYZER_NUMBER_OBJECT_CONVERSION = YES_AGGRESSIVE;
				CLANG_CXX_LANGUAGE_STANDARD = "gnu++20";
				CLANG_ENABLE_MODULES = YES;
				CLANG_ENABLE_OBJC_ARC = YES;
				CLANG_ENABLE_OBJC_WEAK = YES;
				CLANG_WARN_BLOCK_CAPTURE_AUTORELEASING = YES;
				CLANG_WARN_BOOL_CONVERSION = YES;
				CLANG_WARN_COMMA = YES;
				CLANG_WARN_CONSTANT_CONVERSION = YES;
				CLANG_WARN_DEPRECATED_OBJC_IMPLEMENTATIONS = YES;
				CLANG_WARN_DIRECT_OBJC_ISA_USAGE = YES_ERROR;
				CLANG_WARN_DOCUMENTATION_COMMENTS = YES;
				CLANG_WARN_EMPTY_BODY = YES;
				CLANG_WARN_ENUM_CONVERSION = YES;
				CLANG_WARN_INFINITE_RECURSION = YES;
				CLANG_WARN_INT_CONVERSION = YES;
				CLANG_WARN_NON_LITERAL_NULL_CONVERSION = YES;
				CLANG_WARN_OBJC_IMPLICIT_RETAIN_SELF = YES;
				CLANG_WARN_OBJC_LITERAL_CONVERSION = YES;
				CLANG_WARN_OBJC_ROOT_CLASS = YES_ERROR;
				CLANG_WARN_QUOTED_INCLUDE_IN_FRAMEWORK_HEADER = YES;
				CLANG_WARN_RANGE_LOOP_ANALYSIS = YES;
				CLANG_WARN_STRICT_PROTOTYPES = YES;
				CLANG_WARN_SUSPICIOUS_MOVE = YES;
				CLANG_WARN_UNGUARDED_AVAILABILITY = YES_AGGRESSIVE;
				CLANG_WARN_UNREACHABLE_CODE = YES;
				CLANG_WARN__DUPLICATE_METHOD_MATCH = YES;
				COPY_PHASE_STRIP = NO;
				DEBUG_INFORMATION_FORMAT = "dwarf-with-dsym";
				ENABLE_NS_ASSERTIONS = NO;
				ENABLE_STRICT_OBJC_MSGSEND = YES;
				GCC_C_LANGUAGE_STANDARD = gnu11;
				GCC_NO_COMMON_BLOCKS = YES;
				GCC_WARN_64_TO_32_BIT_CONVERSION = YES;
				GCC_WARN_ABOUT_RETURN_TYPE = YES_ERROR;
				GCC_WARN_UNDECLARED_SELECTOR = YES;
				GCC_WARN_UNINITIALIZED_AUTOS = YES_AGGRESSIVE;
				GCC_WARN_UNUSED_FUNCTION = YES;
				GCC_WARN_UNUSED_VARIABLE = YES;
				IPHONEOS_DEPLOYMENT_TARGET = 16.0;
				MTL_ENABLE_DEBUG_INFO = NO;
				MTL_FAST_MATH = YES;
				SDKROOT = iphoneos;
				SWIFT_COMPILATION_MODE = wholemodule;
				SWIFT_OPTIMIZATION_LEVEL = "-O";
				VALIDATE_PRODUCT = YES;
			};
			name = Release;
		};
		3696A79B28F0698E00514EE9 /* Debug */ = {
			isa = XCBuildConfiguration;
			buildSettings = {
				ASSETCATALOG_COMPILER_APPICON_NAME = AppIcon;
				ASSETCATALOG_COMPILER_GLOBAL_ACCENT_COLOR_NAME = AccentColor;
				CODE_SIGN_STYLE = Automatic;
				CURRENT_PROJECT_VERSION = 1;
				GENERATE_INFOPLIST_FILE = YES;
				INFOPLIST_FILE = test3/Info.plist;
				INFOPLIST_KEY_UIApplicationSupportsIndirectInputEvents = YES;
				INFOPLIST_KEY_UILaunchStoryboardName = LaunchScreen;
				INFOPLIST_KEY_UIMainStoryboardFile = Main;
				INFOPLIST_KEY_UISupportedInterfaceOrientations_iPad = "UIInterfaceOrientationPortrait UIInterfaceOrientationPortraitUpsideDown UIInterfaceOrientationLandscapeLeft UIInterfaceOrientationLandscapeRight";
				INFOPLIST_KEY_UISupportedInterfaceOrientations_iPhone = "UIInterfaceOrientationPortrait UIInterfaceOrientationLandscapeLeft UIInterfaceOrientationLandscapeRight";
				LD_RUNPATH_SEARCH_PATHS = (
					"$(inherited)",
					"@executable_path/Frameworks",
				);
				MARKETING_VERSION = 1.0;
				PRODUCT_BUNDLE_IDENTIFIER = BoisInc.test3;
				PRODUCT_NAME = "$(TARGET_NAME)";
				SWIFT_EMIT_LOC_STRINGS = YES;
				SWIFT_VERSION = 5.0;
				TARGETED_DEVICE_FAMILY = "1,2";
			};
			name = Debug;
		};
		3696A79C28F0698E00514EE9 /* Release */ = {
			isa = XCBuildConfiguration;
			buildSettings = {
				ASSETCATALOG_COMPILER_APPICON_NAME = AppIcon;
				ASSETCATALOG_COMPILER_GLOBAL_ACCENT_COLOR_NAME = AccentColor;
				CODE_SIGN_STYLE = Automatic;
				CURRENT_PROJECT_VERSION = 1;
				GENERATE_INFOPLIST_FILE = YES;
				INFOPLIST_FILE = test3/Info.plist;
				INFOPLIST_KEY_UIApplicationSupportsIndirectInputEvents = YES;
				INFOPLIST_KEY_UILaunchStoryboardName = LaunchScreen;
				INFOPLIST_KEY_UIMainStoryboardFile = Main;
				INFOPLIST_KEY_UISupportedInterfaceOrientations_iPad = "UIInterfaceOrientationPortrait UIInterfaceOrientationPortraitUpsideDown UIInterfaceOrientationLandscapeLeft UIInterfaceOrientationLandscapeRight";
				INFOPLIST_KEY_UISupportedInterfaceOrientations_iPhone = "UIInterfaceOrientationPortrait UIInterfaceOrientationLandscapeLeft UIInterfaceOrientationLandscapeRight";
				LD_RUNPATH_SEARCH_PATHS = (
					"$(inherited)",
					"@executable_path/Frameworks",
				);
				MARKETING_VERSION = 1.0;
				PRODUCT_BUNDLE_IDENTIFIER = BoisInc.test3;
				PRODUCT_NAME = "$(TARGET_NAME)";
				SWIFT_EMIT_LOC_STRINGS = YES;
				SWIFT_VERSION = 5.0;
				TARGETED_DEVICE_FAMILY = "1,2";
			};
			name = Release;
		};
		3696A79E28F0698E00514EE9 /* Debug */ = {
			isa = XCBuildConfiguration;
			buildSettings = {
				ALWAYS_EMBED_SWIFT_STANDARD_LIBRARIES = YES;
				BUNDLE_LOADER = "$(TEST_HOST)";
				CODE_SIGN_STYLE = Automatic;
				CURRENT_PROJECT_VERSION = 1;
				GENERATE_INFOPLIST_FILE = YES;
				IPHONEOS_DEPLOYMENT_TARGET = 16.0;
				MARKETING_VERSION = 1.0;
				PRODUCT_BUNDLE_IDENTIFIER = BoisInc.test3Tests;
				PRODUCT_NAME = "$(TARGET_NAME)";
				SWIFT_EMIT_LOC_STRINGS = NO;
				SWIFT_VERSION = 5.0;
				TARGETED_DEVICE_FAMILY = "1,2";
				TEST_HOST = "$(BUILT_PRODUCTS_DIR)/test3.app/$(BUNDLE_EXECUTABLE_FOLDER_PATH)/test3";
			};
			name = Debug;
		};
		3696A79F28F0698E00514EE9 /* Release */ = {
			isa = XCBuildConfiguration;
			buildSettings = {
				ALWAYS_EMBED_SWIFT_STANDARD_LIBRARIES = YES;
				BUNDLE_LOADER = "$(TEST_HOST)";
				CODE_SIGN_STYLE = Automatic;
				CURRENT_PROJECT_VERSION = 1;
				GENERATE_INFOPLIST_FILE = YES;
				IPHONEOS_DEPLOYMENT_TARGET = 16.0;
				MARKETING_VERSION = 1.0;
				PRODUCT_BUNDLE_IDENTIFIER = BoisInc.test3Tests;
				PRODUCT_NAME = "$(TARGET_NAME)";
				SWIFT_EMIT_LOC_STRINGS = NO;
				SWIFT_VERSION = 5.0;
				TARGETED_DEVICE_FAMILY = "1,2";
				TEST_HOST = "$(BUILT_PRODUCTS_DIR)/test3.app/$(BUNDLE_EXECUTABLE_FOLDER_PATH)/test3";
			};
			name = Release;
		};
		3696A7A128F0698E00514EE9 /* Debug */ = {
			isa = XCBuildConfiguration;
			buildSettings = {
				ALWAYS_EMBED_SWIFT_STANDARD_LIBRARIES = YES;
				CODE_SIGN_STYLE = Automatic;
				CURRENT_PROJECT_VERSION = 1;
				GENERATE_INFOPLIST_FILE = YES;
				MARKETING_VERSION = 1.0;
				PRODUCT_BUNDLE_IDENTIFIER = BoisInc.test3UITests;
				PRODUCT_NAME = "$(TARGET_NAME)";
				SWIFT_EMIT_LOC_STRINGS = NO;
				SWIFT_VERSION = 5.0;
				TARGETED_DEVICE_FAMILY = "1,2";
				TEST_TARGET_NAME = test3;
			};
			name = Debug;
		};
		3696A7A228F0698E00514EE9 /* Release */ = {
			isa = XCBuildConfiguration;
			buildSettings = {
				ALWAYS_EMBED_SWIFT_STANDARD_LIBRARIES = YES;
				CODE_SIGN_STYLE = Automatic;
				CURRENT_PROJECT_VERSION = 1;
				GENERATE_INFOPLIST_FILE = YES;
				MARKETING_VERSION = 1.0;
				PRODUCT_BUNDLE_IDENTIFIER = BoisInc.test3UITests;
				PRODUCT_NAME = "$(TARGET_NAME)";
				SWIFT_EMIT_LOC_STRINGS = NO;
				SWIFT_VERSION = 5.0;
				TARGETED_DEVICE_FAMILY = "1,2";
				TEST_TARGET_NAME = test3;
			};
			name = Release;
		};
/* End XCBuildConfiguration section */

/* Begin XCConfigurationList section */
		3696A76B28F0698900514EE9 /* Build configuration list for PBXProject "test3" */ = {
			isa = XCConfigurationList;
			buildConfigurations = (
				3696A79828F0698E00514EE9 /* Debug */,
				3696A79928F0698E00514EE9 /* Release */,
			);
			defaultConfigurationIsVisible = 0;
			defaultConfigurationName = Release;
		};
		3696A79A28F0698E00514EE9 /* Build configuration list for PBXNativeTarget "test3" */ = {
			isa = XCConfigurationList;
			buildConfigurations = (
				3696A79B28F0698E00514EE9 /* Debug */,
				3696A79C28F0698E00514EE9 /* Release */,
			);
			defaultConfigurationIsVisible = 0;
			defaultConfigurationName = Release;
		};
		3696A79D28F0698E00514EE9 /* Build configuration list for PBXNativeTarget "test3Tests" */ = {
			isa = XCConfigurationList;
			buildConfigurations = (
				3696A79E28F0698E00514EE9 /* Debug */,
				3696A79F28F0698E00514EE9 /* Release */,
			);
			defaultConfigurationIsVisible = 0;
			defaultConfigurationName = Release;
		};
		3696A7A028F0698E00514EE9 /* Build configuration list for PBXNativeTarget "test3UITests" */ = {
			isa = XCConfigurationList;
			buildConfigurations = (
				3696A7A128F0698E00514EE9 /* Debug */,
				3696A7A228F0698E00514EE9 /* Release */,
			);
			defaultConfigurationIsVisible = 0;
			defaultConfigurationName = Release;
		};
/* End XCConfigurationList section */
	};
	rootObject = 3696A76828F0698900514EE9 /* Project object */;
}
